
Microsoft Visual Studio Solution File, Format Version 12.00
# Visual Studio Version 17
VisualStudioVersion = 17.5.33424.131
MinimumVisualStudioVersion = 10.0.40219.1
Project("{FAE04EC0-301F-11D3-BF4B-00C04F79EFBC}") = "penta.PdfTool.API", "penta.PdfTool.API\penta.PdfTool.API.csproj", "{0CD38C2A-0892-4C38-B67D-7E33D99EAE47}"
EndProject
Project("{FAE04EC0-301F-11D3-BF4B-00C04F79EFBC}") = "penta.PdfTool.Presentation", "penta.PdfTool.Presentation\penta.PdfTool.Presentation.csproj", "{0A1997A1-2B80-4640-A75F-2690BE0D8C82}"
EndProject
Project("{FAE04EC0-301F-11D3-BF4B-00C04F79EFBC}") = "penta.PdfTool.Shared", "penta.PdfTool.Shared\penta.PdfTool.Shared.csproj", "{60361914-9CA6-40BD-AACD-D39018E44979}"
EndProject
Project("{FAE04EC0-301F-11D3-BF4B-00C04F79EFBC}") = "penta.PdfTool.Service", "penta.PdfTool.Service\penta.PdfTool.Service.csproj", "{57AC1176-9CA5-4A2A-A623-7A34FB7FA50A}"
EndProject
Project("{FAE04EC0-301F-11D3-BF4B-00C04F79EFBC}") = "penta.PdfTool.Service.Contracts", "penta.PdfTool.Service.Contracts\penta.PdfTool.Service.Contracts.csproj", "{0E7E9A51-B482-4655-97E0-67FDB99400CA}"
EndProject
Global
	GlobalSection(SolutionConfigurationPlatforms) = preSolution
		Debug|Any CPU = Debug|Any CPU
		Release|Any CPU = Release|Any CPU
	EndGlobalSection
	GlobalSection(ProjectConfigurationPlatforms) = postSolution
		{0CD38C2A-0892-4C38-B67D-7E33D99EAE47}.Debug|Any CPU.ActiveCfg = Debug|Any CPU
		{0CD38C2A-0892-4C38-B67D-7E33D99EAE47}.Debug|Any CPU.Build.0 = Debug|Any CPU
		{0CD38C2A-0892-4C38-B67D-7E33D99EAE47}.Release|Any CPU.ActiveCfg = Release|Any CPU
		{0CD38C2A-0892-4C38-B67D-7E33D99EAE47}.Release|Any CPU.Build.0 = Release|Any CPU
		{0A1997A1-2B80-4640-A75F-2690BE0D8C82}.Debug|Any CPU.ActiveCfg = Debug|Any CPU
		{0A1997A1-2B80-4640-A75F-2690BE0D8C82}.Debug|Any CPU.Build.0 = Debug|Any CPU
		{0A1997A1-2B80-4640-A75F-2690BE0D8C82}.Release|Any CPU.ActiveCfg = Release|Any CPU
		{0A1997A1-2B80-4640-A75F-2690BE0D8C82}.Release|Any CPU.Build.0 = Release|Any CPU
		{60361914-9CA6-40BD-AACD-D39018E44979}.Debug|Any CPU.ActiveCfg = Debug|Any CPU
		{60361914-9CA6-40BD-AACD-D39018E44979}.Debug|Any CPU.Build.0 = Debug|Any CPU
		{60361914-9CA6-40BD-AACD-D39018E44979}.Release|Any CPU.ActiveCfg = Release|Any CPU
		{60361914-9CA6-40BD-AACD-D39018E44979}.Release|Any CPU.Build.0 = Release|Any CPU
		{57AC1176-9CA5-4A2A-A623-7A34FB7FA50A}.Debug|Any CPU.ActiveCfg = Debug|Any CPU
		{57AC1176-9CA5-4A2A-A623-7A34FB7FA50A}.Debug|Any CPU.Build.0 = Debug|Any CPU
		{57AC1176-9CA5-4A2A-A623-7A34FB7FA50A}.Release|Any CPU.ActiveCfg = Release|Any CPU
		{57AC1176-9CA5-4A2A-A623-7A34FB7FA50A}.Release|Any CPU.Build.0 = Release|Any CPU
		{0E7E9A51-B482-4655-97E0-67FDB99400CA}.Debug|Any CPU.ActiveCfg = Debug|Any CPU
		{0E7E9A51-B482-4655-97E0-67FDB99400CA}.Debug|Any CPU.Build.0 = Debug|Any CPU
		{0E7E9A51-B482-4655-97E0-67FDB99400CA}.Release|Any CPU.ActiveCfg = Release|Any CPU
		{0E7E9A51-B482-4655-97E0-67FDB99400CA}.Release|Any CPU.Build.0 = Release|Any CPU
	EndGlobalSection
	GlobalSection(SolutionProperties) = preSolution
		HideSolutionNode = FALSE
	EndGlobalSection
	GlobalSection(ExtensibilityGlobals) = postSolution
		SolutionGuid = {8593AB05-80AC-4ED6-BD52-3BCB860FB0D5}
	EndGlobalSection
EndGlobal
